
Microsoft Visual Studio Solution File, Format Version 12.00
# Visual Studio 2012
Project("{FAE04EC0-301F-11D3-BF4B-00C04F79EFBC}") = "ExampleApplication", "ExampleApplication\ExampleApplication.csproj", "{62A56D19-6785-45E9-B118-BD3C87E6C2F2}"
EndProject
Global
	GlobalSection(SolutionConfigurationPlatforms) = preSolution
		Debug|x86 = Debug|x86
		Release|x86 = Release|x86
	EndGlobalSection
	GlobalSection(ProjectConfigurationPlatforms) = postSolution
		{62A56D19-6785-45E9-B118-BD3C87E6C2F2}.Debug|x86.ActiveCfg = Debug|x86
		{62A56D19-6785-45E9-B118-BD3C87E6C2F2}.Debug|x86.Build.0 = Debug|x86
		{62A56D19-6785-45E9-B118-BD3C87E6C2F2}.Release|x86.ActiveCfg = Release|x86
		{62A56D19-6785-45E9-B118-BD3C87E6C2F2}.Release|x86.Build.0 = Release|x86
	EndGlobalSection
EndGlobal
